{
  "version": "3",
  "redirects": {
    "https://deno.land/std/assert/mod.ts": "https://deno.land/std@0.216.0/assert/mod.ts",
    "https://deno.land/x/byte_type/mod.ts": "https://deno.land/x/byte_type@0.3.0/mod.ts"
  },
  "remote": {
    "https://deno.land/std@0.216.0/assert/_constants.ts": "a271e8ef5a573f1df8e822a6eb9d09df064ad66a4390f21b3e31f820a38e0975",
    "https://deno.land/std@0.216.0/assert/_diff.ts": "dcc63d94ca289aec80644030cf88ccbf7acaa6fbd7b0f22add93616b36593840",
    "https://deno.land/std@0.216.0/assert/_format.ts": "0ba808961bf678437fb486b56405b6fefad2cf87b5809667c781ddee8c32aff4",
    "https://deno.land/std@0.216.0/assert/assert.ts": "bec068b2fccdd434c138a555b19a2c2393b71dfaada02b7d568a01541e67cdc5",
    "https://deno.land/std@0.216.0/assert/assert_almost_equals.ts": "8b96b7385cc117668b0720115eb6ee73d04c9bcb2f5d2344d674918c9113688f",
    "https://deno.land/std@0.216.0/assert/assert_array_includes.ts": "1688d76317fd45b7e93ef9e2765f112fdf2b7c9821016cdfb380b9445374aed1",
    "https://deno.land/std@0.216.0/assert/assert_equals.ts": "4497c56fe7d2993b0d447926702802fc0becb44e319079e8eca39b482ee01b4e",
    "https://deno.land/std@0.216.0/assert/assert_exists.ts": "24a7bf965e634f909242cd09fbaf38bde6b791128ece08e33ab08586a7cc55c9",
    "https://deno.land/std@0.216.0/assert/assert_false.ts": "6f382568e5128c0f855e5f7dbda8624c1ed9af4fcc33ef4a9afeeedcdce99769",
    "https://deno.land/std@0.216.0/assert/assert_greater.ts": "4945cf5729f1a38874d7e589e0fe5cc5cd5abe5573ca2ddca9d3791aa891856c",
    "https://deno.land/std@0.216.0/assert/assert_greater_or_equal.ts": "573ed8823283b8d94b7443eb69a849a3c369a8eb9666b2d1db50c33763a5d219",
    "https://deno.land/std@0.216.0/assert/assert_instance_of.ts": "72dc1faff1e248692d873c89382fa1579dd7b53b56d52f37f9874a75b11ba444",
    "https://deno.land/std@0.216.0/assert/assert_is_error.ts": "6596f2b5ba89ba2fe9b074f75e9318cda97a2381e59d476812e30077fbdb6ed2",
    "https://deno.land/std@0.216.0/assert/assert_less.ts": "2b4b3fe7910f65f7be52212f19c3977ecb8ba5b2d6d0a296c83cde42920bb005",
    "https://deno.land/std@0.216.0/assert/assert_less_or_equal.ts": "b93d212fe669fbde959e35b3437ac9a4468f2e6b77377e7b6ea2cfdd825d38a0",
    "https://deno.land/std@0.216.0/assert/assert_match.ts": "ec2d9680ed3e7b9746ec57ec923a17eef6d476202f339ad91d22277d7f1d16e1",
    "https://deno.land/std@0.216.0/assert/assert_not_equals.ts": "ac86413ab70ffb14fdfc41740ba579a983fe355ba0ce4a9ab685e6b8e7f6a250",
    "https://deno.land/std@0.216.0/assert/assert_not_instance_of.ts": "8f720d92d83775c40b2542a8d76c60c2d4aeddaf8713c8d11df8984af2604931",
    "https://deno.land/std@0.216.0/assert/assert_not_match.ts": "b4b7c77f146963e2b673c1ce4846473703409eb93f5ab0eb60f6e6f8aeffe39f",
    "https://deno.land/std@0.216.0/assert/assert_not_strict_equals.ts": "da0b8ab60a45d5a9371088378e5313f624799470c3b54c76e8b8abeec40a77be",
    "https://deno.land/std@0.216.0/assert/assert_object_match.ts": "e85e5eef62a56ce364c3afdd27978ccab979288a3e772e6855c270a7b118fa49",
    "https://deno.land/std@0.216.0/assert/assert_rejects.ts": "e9e0c8d9c3e164c7ac962c37b3be50577c5a2010db107ed272c4c1afb1269f54",
    "https://deno.land/std@0.216.0/assert/assert_strict_equals.ts": "0425a98f70badccb151644c902384c12771a93e65f8ff610244b8147b03a2366",
    "https://deno.land/std@0.216.0/assert/assert_string_includes.ts": "dfb072a890167146f8e5bdd6fde887ce4657098e9f71f12716ef37f35fb6f4a7",
    "https://deno.land/std@0.216.0/assert/assert_throws.ts": "edddd86b39606c342164b49ad88dd39a26e72a26655e07545d172f164b617fa7",
    "https://deno.land/std@0.216.0/assert/assertion_error.ts": "9f689a101ee586c4ce92f52fa7ddd362e86434ffdf1f848e45987dc7689976b8",
    "https://deno.land/std@0.216.0/assert/equal.ts": "fae5e8a52a11d3ac694bbe1a53e13a7969e3f60791262312e91a3e741ae519e2",
    "https://deno.land/std@0.216.0/assert/fail.ts": "f310e51992bac8e54f5fd8e44d098638434b2edb802383690e0d7a9be1979f1c",
    "https://deno.land/std@0.216.0/assert/mod.ts": "325df8c0683ad83a873b9691aa66b812d6275fc9fec0b2d180ac68a2c5efed3b",
    "https://deno.land/std@0.216.0/assert/unimplemented.ts": "47ca67d1c6dc53abd0bd729b71a31e0825fc452dbcd4fde4ca06789d5644e7fd",
    "https://deno.land/std@0.216.0/assert/unreachable.ts": "38cfecb95d8b06906022d2f9474794fca4161a994f83354fd079cac9032b5145",
    "https://deno.land/std@0.216.0/fmt/colors.ts": "d239d84620b921ea520125d778947881f62c50e78deef2657073840b8af9559a",
    "https://deno.land/x/byte_type@0.3.0/mod.ts": "9473507398048cb24dbb37b3a220777106c69c28d573898648deb2bb84a7e131",
    "https://deno.land/x/byte_type@0.3.0/src/array/array.ts": "508e9c99d08ca3c5c880b1679637fdde93d617255c9e5949359d952e130dcf07",
    "https://deno.land/x/byte_type@0.3.0/src/array/array_buffer.ts": "3e78940e9d481e23cc271d14ed9fa4c45e4e7e6bdbcc602f26e8a70ff28ba6bb",
    "https://deno.land/x/byte_type@0.3.0/src/array/mod.ts": "e05ffebeb4b90cc2a1565c44f76089f5eabdb44f5e44b225aef47b837eb08dec",
    "https://deno.land/x/byte_type@0.3.0/src/array/typed_array.ts": "30d0efa7a8b63c0d0803c03e6dc3491abebc00729f99f6805f28f3a33f07d6f1",
    "https://deno.land/x/byte_type@0.3.0/src/bitflags/_common.ts": "0b6bbfa1a39e9301f157c4f552c55d28128e49429d71e6b1c4a270429346b703",
    "https://deno.land/x/byte_type@0.3.0/src/bitflags/bitflags16.ts": "1ebd50d376db22cdfaece2ac48505360d34fbf8b207844eaa07ab5d52d1a0856",
    "https://deno.land/x/byte_type@0.3.0/src/bitflags/bitflags32.ts": "8e8c9d7ff79d3b19d9e08a37a21887a9b0778eb21d602bbd54cb73d74262e05a",
    "https://deno.land/x/byte_type@0.3.0/src/bitflags/bitflags64.ts": "51c89f3836146b534294b28808a3d7744d9b635707eee702f5057733d83e8f2e",
    "https://deno.land/x/byte_type@0.3.0/src/bitflags/bitflags8.ts": "d6e71d70c745d1ffcfba9c440628d989790ce271b61688d9cf12f99a2466be73",
    "https://deno.land/x/byte_type@0.3.0/src/bitflags/mod.ts": "1897c05a4349ab257e80125968cab75103b57c90620e9cf5f0e6747c95f1541e",
    "https://deno.land/x/byte_type@0.3.0/src/compound/mod.ts": "ec09d5a20d1c77f62fdd7ec2bcd57ccf72516bedef0ec652a5d7fd7b9d400d6f",
    "https://deno.land/x/byte_type@0.3.0/src/compound/struct.ts": "f513de2a5e7605521615695b31e8df3d39dc62500dd8acf8afb19b15208bfa80",
    "https://deno.land/x/byte_type@0.3.0/src/compound/tagged_union.ts": "0d0a0345c60eb471ade595f6c922056612b7fe276b30dc1081ef18d4701cfd5a",
    "https://deno.land/x/byte_type@0.3.0/src/compound/tuple.ts": "339be2611bfdbaff3a8e590adeb50d5b70c4d2156446cf2097f0a350e78727e9",
    "https://deno.land/x/byte_type@0.3.0/src/mod.ts": "855780c4734004714af53c5184782a22f01747094c4f1c53d60947186f3914c1",
    "https://deno.land/x/byte_type@0.3.0/src/primitives/bool.ts": "44ffce3af4124d73e32b0be99771ca40120e443cdbae00b664d1186daf3f8c2a",
    "https://deno.land/x/byte_type@0.3.0/src/primitives/f32.ts": "526e69a9c9ec0c789c8ce4a99d2fa682f62084816d33f77fa983d3edf8172dad",
    "https://deno.land/x/byte_type@0.3.0/src/primitives/f64.ts": "93f906ab13c0d892cff8f0ee2a535b1879891e51fb71b58c7a04c062c2c16cdf",
    "https://deno.land/x/byte_type@0.3.0/src/primitives/i16.ts": "2b67df808ec7e8aed88208ea3ecf6d2d1f839e6cec1412d6de60a71af6b1b049",
    "https://deno.land/x/byte_type@0.3.0/src/primitives/i32.ts": "bbe02f3cd67cedac6e57b4405d65e9b6d63b0c70e97a2009fff0c80ff25c6c88",
    "https://deno.land/x/byte_type@0.3.0/src/primitives/i64.ts": "a463af6e9bddd4679ec3781f9ba4fc8b57f7c33009501b684129e6ad4ef91da8",
    "https://deno.land/x/byte_type@0.3.0/src/primitives/i8.ts": "7364275ad10b940c7ca771b61e4d0165894c2e2da6bd7b9a76c70a16630b8fb6",
    "https://deno.land/x/byte_type@0.3.0/src/primitives/mod.ts": "cf6fd271c658b77ed27da3589342ff4c508af041ac97bf05c764bfc3814591ef",
    "https://deno.land/x/byte_type@0.3.0/src/primitives/u16.ts": "7304d0c19d4f7dd27b355831e104947a62d8ec4b073340d4a76883ebcbf347bc",
    "https://deno.land/x/byte_type@0.3.0/src/primitives/u32.ts": "848d5146bd1648751f1427651217e8d8fcd62449dd053fed1044bed3edaa4b41",
    "https://deno.land/x/byte_type@0.3.0/src/primitives/u64.ts": "538eca5e167c297cc34b3ab983811ef9c21439748a6f5b681c2599b65b08fd20",
    "https://deno.land/x/byte_type@0.3.0/src/primitives/u8.ts": "d9faa4a3d1a18778b8694762488858b3c77f85e0fad38609a135934107bfd345",
    "https://deno.land/x/byte_type@0.3.0/src/string/_common.ts": "35c46f52cde3136b7a0888128f61dc0760b387baf2174dac681aa5666b4b5cb0",
    "https://deno.land/x/byte_type@0.3.0/src/string/cstring.ts": "fe18faad82fb343cffd5546fd75246463848cdf613c669e14010cd20c254ab75",
    "https://deno.land/x/byte_type@0.3.0/src/string/fixed_length.ts": "45741bd8618edd6fc03a7677e4329f2fec158495cbe3c1b89b04e2e70a8e02ac",
    "https://deno.land/x/byte_type@0.3.0/src/string/mod.ts": "3d13829eefc7e781f2be70d62fbc1ac5e14ba30fec62bb713094ebec479e2aef",
    "https://deno.land/x/byte_type@0.3.0/src/types/_common.ts": "19c32655a01fe4cdadf71260357cfcae940ae5eac3ff08201abd8731e7741ef8",
    "https://deno.land/x/byte_type@0.3.0/src/types/mod.ts": "f14f7b1d48e83401ab6b416adf67dccd255e8fb05d690e34d5654fc59338bec1",
    "https://deno.land/x/byte_type@0.3.0/src/types/sized.ts": "2f84cb2ed48e16b7032d4c403ef81caef4ac28cdab187772b922fc9e08400bf5",
    "https://deno.land/x/byte_type@0.3.0/src/types/unsized.ts": "06c7d7628b599c6b8f9ddfd75ba081ba007520cac2ec514efc0bdd933150c988",
    "https://deno.land/x/byte_type@0.3.0/src/util.ts": "04aaedb551a1f221c69e20ac4de3798ef8466b382cb9157aed82db91d1273066",
    "https://deno.land/x/byte_type@0.3.0/src/varint/_common.ts": "c7430bfb243b2311e852c45664194e3c2fd7c6cd61ff03292410fca89101ec2d",
    "https://deno.land/x/byte_type@0.3.0/src/varint/i32_leb128.ts": "e3cbceae48c41fbb8217db5f1bfe95327e1983ae2d94d8567e02e0fce26b78c6",
    "https://deno.land/x/byte_type@0.3.0/src/varint/i64_leb128.ts": "4b753df957d5d84d3b9b66369686a2d13569505190f0c3cb563326cae388da78",
    "https://deno.land/x/byte_type@0.3.0/src/varint/mod.ts": "f52855601abd19c9af3cdc4e19afde4b57a0d567b99a807063b6a3761b783bba"
  }
}
